
Microsoft Visual Studio Solution File, Format Version 12.00
# Visual Studio 15
VisualStudioVersion = 15.0.28307.271
MinimumVisualStudioVersion = 10.0.40219.1
Project("{FAE04EC0-301F-11D3-BF4B-00C04F79EFBC}") = "ExercicioDolar", "ExercicioDolar\ExercicioDolar.csproj", "{586C06BD-8A41-433C-B969-5622863BB50D}"
EndProject
Global
	GlobalSection(SolutionConfigurationPlatforms) = preSolution
		Debug|Any CPU = Debug|Any CPU
		Release|Any CPU = Release|Any CPU
	EndGlobalSection
	GlobalSection(ProjectConfigurationPlatforms) = postSolution
		{586C06BD-8A41-433C-B969-5622863BB50D}.Debug|Any CPU.ActiveCfg = Debug|Any CPU
		{586C06BD-8A41-433C-B969-5622863BB50D}.Debug|Any CPU.Build.0 = Debug|Any CPU
		{586C06BD-8A41-433C-B969-5622863BB50D}.Release|Any CPU.ActiveCfg = Release|Any CPU
		{586C06BD-8A41-433C-B969-5622863BB50D}.Release|Any CPU.Build.0 = Release|Any CPU
	EndGlobalSection
	GlobalSection(SolutionProperties) = preSolution
		HideSolutionNode = FALSE
	EndGlobalSection
	GlobalSection(ExtensibilityGlobals) = postSolution
		SolutionGuid = {46305F6B-465D-4C22-98A8-F3BF35CABF99}
	EndGlobalSection
EndGlobal
